
Microsoft Visual Studio Solution File, Format Version 12.00
# Visual Studio 2012
Project("{FAE04EC0-301F-11D3-BF4B-00C04F79EFBC}") = "Xablu.WebApiClient", "src\Xablu.WebApiClient\Xablu.WebApiClient.csproj", "{80534D81-9231-4EC1-8263-F3D1A8D61EBB}"
EndProject
Global
	GlobalSection(SolutionConfigurationPlatforms) = preSolution
		Debug|Any CPU = Debug|Any CPU
		Release|Any CPU = Release|Any CPU
	EndGlobalSection
	GlobalSection(ProjectConfigurationPlatforms) = postSolution
		{80534D81-9231-4EC1-8263-F3D1A8D61EBB}.Debug|Any CPU.ActiveCfg = Debug|Any CPU
		{80534D81-9231-4EC1-8263-F3D1A8D61EBB}.Debug|Any CPU.Build.0 = Debug|Any CPU
		{80534D81-9231-4EC1-8263-F3D1A8D61EBB}.Release|Any CPU.ActiveCfg = Release|Any CPU
		{80534D81-9231-4EC1-8263-F3D1A8D61EBB}.Release|Any CPU.Build.0 = Release|Any CPU
	EndGlobalSection
EndGlobal
