
Microsoft Visual Studio Solution File, Format Version 12.00
# Visual Studio 15
VisualStudioVersion = 15.0.26906.1
MinimumVisualStudioVersion = 10.0.40219.1
Project("{FAE04EC0-301F-11D3-BF4B-00C04F79EFBC}") = "Xablu.WebApiClient", "Xablu.WebApiClient\Xablu.WebApiClient.csproj", "{E483FD4E-1575-4F90-91ED-5138FF401EE4}"
EndProject
Project("{9A19103F-16F7-4668-BE54-9A1E7A4F7556}") = "Xablu.WebApiClient.Tests", "Xablu.WebApiClient.Tests\Xablu.WebApiClient.Tests.csproj", "{5878EF8C-C9BB-4C3F-8438-8AC8DEE04BE6}"
EndProject
Project("{2150E333-8FDC-42A3-9474-1A3956D46DE8}") = "Samples", "Samples", "{C36DDBBA-7B02-4E59-9B23-DA4F6414A578}"
EndProject
Project("{FAE04EC0-301F-11D3-BF4B-00C04F79EFBC}") = "Sample.Droid", "Samples\Sample.Droid\Sample.Droid.csproj", "{DD284682-DD1E-411B-A35A-26BB5EACEEA5}"
EndProject
Project("{FAE04EC0-301F-11D3-BF4B-00C04F79EFBC}") = "Sample.iOS", "Samples\Sample.iOS\Sample.iOS.csproj", "{FCC5B31A-11AF-4C75-9126-1D92EE32EBC0}"
EndProject
Project("{FAE04EC0-301F-11D3-BF4B-00C04F79EFBC}") = "Sample.Core", "Samples\Sample.Core\Sample.Core.csproj", "{B85FC59B-D88B-4E50-9852-82C8E48687F4}"
EndProject
Global
	GlobalSection(SolutionConfigurationPlatforms) = preSolution
		Debug|Any CPU = Debug|Any CPU
		Debug|iPhone = Debug|iPhone
		Debug|iPhoneSimulator = Debug|iPhoneSimulator
		Release|Any CPU = Release|Any CPU
		Release|iPhone = Release|iPhone
		Release|iPhoneSimulator = Release|iPhoneSimulator
	EndGlobalSection
	GlobalSection(ProjectConfigurationPlatforms) = postSolution
		{E483FD4E-1575-4F90-91ED-5138FF401EE4}.Debug|Any CPU.ActiveCfg = Debug|Any CPU
		{E483FD4E-1575-4F90-91ED-5138FF401EE4}.Debug|Any CPU.Build.0 = Debug|Any CPU
		{E483FD4E-1575-4F90-91ED-5138FF401EE4}.Debug|iPhone.ActiveCfg = Debug|Any CPU
		{E483FD4E-1575-4F90-91ED-5138FF401EE4}.Debug|iPhone.Build.0 = Debug|Any CPU
		{E483FD4E-1575-4F90-91ED-5138FF401EE4}.Debug|iPhoneSimulator.ActiveCfg = Debug|Any CPU
		{E483FD4E-1575-4F90-91ED-5138FF401EE4}.Debug|iPhoneSimulator.Build.0 = Debug|Any CPU
		{E483FD4E-1575-4F90-91ED-5138FF401EE4}.Release|Any CPU.ActiveCfg = Release|Any CPU
		{E483FD4E-1575-4F90-91ED-5138FF401EE4}.Release|Any CPU.Build.0 = Release|Any CPU
		{E483FD4E-1575-4F90-91ED-5138FF401EE4}.Release|iPhone.ActiveCfg = Release|Any CPU
		{E483FD4E-1575-4F90-91ED-5138FF401EE4}.Release|iPhone.Build.0 = Release|Any CPU
		{E483FD4E-1575-4F90-91ED-5138FF401EE4}.Release|iPhoneSimulator.ActiveCfg = Release|Any CPU
		{E483FD4E-1575-4F90-91ED-5138FF401EE4}.Release|iPhoneSimulator.Build.0 = Release|Any CPU
		{5878EF8C-C9BB-4C3F-8438-8AC8DEE04BE6}.Debug|Any CPU.ActiveCfg = Debug|Any CPU
		{5878EF8C-C9BB-4C3F-8438-8AC8DEE04BE6}.Debug|Any CPU.Build.0 = Debug|Any CPU
		{5878EF8C-C9BB-4C3F-8438-8AC8DEE04BE6}.Debug|iPhone.ActiveCfg = Debug|Any CPU
		{5878EF8C-C9BB-4C3F-8438-8AC8DEE04BE6}.Debug|iPhone.Build.0 = Debug|Any CPU
		{5878EF8C-C9BB-4C3F-8438-8AC8DEE04BE6}.Debug|iPhoneSimulator.ActiveCfg = Debug|Any CPU
		{5878EF8C-C9BB-4C3F-8438-8AC8DEE04BE6}.Debug|iPhoneSimulator.Build.0 = Debug|Any CPU
		{5878EF8C-C9BB-4C3F-8438-8AC8DEE04BE6}.Release|Any CPU.ActiveCfg = Release|Any CPU
		{5878EF8C-C9BB-4C3F-8438-8AC8DEE04BE6}.Release|Any CPU.Build.0 = Release|Any CPU
		{5878EF8C-C9BB-4C3F-8438-8AC8DEE04BE6}.Release|iPhone.ActiveCfg = Release|Any CPU
		{5878EF8C-C9BB-4C3F-8438-8AC8DEE04BE6}.Release|iPhone.Build.0 = Release|Any CPU
		{5878EF8C-C9BB-4C3F-8438-8AC8DEE04BE6}.Release|iPhoneSimulator.ActiveCfg = Release|Any CPU
		{5878EF8C-C9BB-4C3F-8438-8AC8DEE04BE6}.Release|iPhoneSimulator.Build.0 = Release|Any CPU
		{DD284682-DD1E-411B-A35A-26BB5EACEEA5}.Debug|Any CPU.ActiveCfg = Debug|Any CPU
		{DD284682-DD1E-411B-A35A-26BB5EACEEA5}.Debug|Any CPU.Build.0 = Debug|Any CPU
		{DD284682-DD1E-411B-A35A-26BB5EACEEA5}.Debug|iPhone.ActiveCfg = Debug|Any CPU
		{DD284682-DD1E-411B-A35A-26BB5EACEEA5}.Debug|iPhone.Build.0 = Debug|Any CPU
		{DD284682-DD1E-411B-A35A-26BB5EACEEA5}.Debug|iPhoneSimulator.ActiveCfg = Debug|Any CPU
		{DD284682-DD1E-411B-A35A-26BB5EACEEA5}.Debug|iPhoneSimulator.Build.0 = Debug|Any CPU
		{DD284682-DD1E-411B-A35A-26BB5EACEEA5}.Release|Any CPU.ActiveCfg = Release|Any CPU
		{DD284682-DD1E-411B-A35A-26BB5EACEEA5}.Release|Any CPU.Build.0 = Release|Any CPU
		{DD284682-DD1E-411B-A35A-26BB5EACEEA5}.Release|iPhone.ActiveCfg = Release|Any CPU
		{DD284682-DD1E-411B-A35A-26BB5EACEEA5}.Release|iPhone.Build.0 = Release|Any CPU
		{DD284682-DD1E-411B-A35A-26BB5EACEEA5}.Release|iPhoneSimulator.ActiveCfg = Release|Any CPU
		{DD284682-DD1E-411B-A35A-26BB5EACEEA5}.Release|iPhoneSimulator.Build.0 = Release|Any CPU
		{FCC5B31A-11AF-4C75-9126-1D92EE32EBC0}.Debug|Any CPU.ActiveCfg = Debug|iPhoneSimulator
		{FCC5B31A-11AF-4C75-9126-1D92EE32EBC0}.Debug|Any CPU.Build.0 = Debug|iPhoneSimulator
		{FCC5B31A-11AF-4C75-9126-1D92EE32EBC0}.Debug|iPhone.ActiveCfg = Debug|iPhone
		{FCC5B31A-11AF-4C75-9126-1D92EE32EBC0}.Debug|iPhone.Build.0 = Debug|iPhone
		{FCC5B31A-11AF-4C75-9126-1D92EE32EBC0}.Debug|iPhoneSimulator.ActiveCfg = Debug|iPhoneSimulator
		{FCC5B31A-11AF-4C75-9126-1D92EE32EBC0}.Debug|iPhoneSimulator.Build.0 = Debug|iPhoneSimulator
		{FCC5B31A-11AF-4C75-9126-1D92EE32EBC0}.Release|Any CPU.ActiveCfg = Release|iPhone
		{FCC5B31A-11AF-4C75-9126-1D92EE32EBC0}.Release|Any CPU.Build.0 = Release|iPhone
		{FCC5B31A-11AF-4C75-9126-1D92EE32EBC0}.Release|iPhone.ActiveCfg = Release|iPhone
		{FCC5B31A-11AF-4C75-9126-1D92EE32EBC0}.Release|iPhone.Build.0 = Release|iPhone
		{FCC5B31A-11AF-4C75-9126-1D92EE32EBC0}.Release|iPhoneSimulator.ActiveCfg = Release|iPhoneSimulator
		{FCC5B31A-11AF-4C75-9126-1D92EE32EBC0}.Release|iPhoneSimulator.Build.0 = Release|iPhoneSimulator
		{B85FC59B-D88B-4E50-9852-82C8E48687F4}.Debug|Any CPU.ActiveCfg = Debug|Any CPU
		{B85FC59B-D88B-4E50-9852-82C8E48687F4}.Debug|Any CPU.Build.0 = Debug|Any CPU
		{B85FC59B-D88B-4E50-9852-82C8E48687F4}.Debug|iPhone.ActiveCfg = Debug|Any CPU
		{B85FC59B-D88B-4E50-9852-82C8E48687F4}.Debug|iPhone.Build.0 = Debug|Any CPU
		{B85FC59B-D88B-4E50-9852-82C8E48687F4}.Debug|iPhoneSimulator.ActiveCfg = Debug|Any CPU
		{B85FC59B-D88B-4E50-9852-82C8E48687F4}.Debug|iPhoneSimulator.Build.0 = Debug|Any CPU
		{B85FC59B-D88B-4E50-9852-82C8E48687F4}.Release|Any CPU.ActiveCfg = Release|Any CPU
		{B85FC59B-D88B-4E50-9852-82C8E48687F4}.Release|Any CPU.Build.0 = Release|Any CPU
		{B85FC59B-D88B-4E50-9852-82C8E48687F4}.Release|iPhone.ActiveCfg = Release|Any CPU
		{B85FC59B-D88B-4E50-9852-82C8E48687F4}.Release|iPhone.Build.0 = Release|Any CPU
		{B85FC59B-D88B-4E50-9852-82C8E48687F4}.Release|iPhoneSimulator.ActiveCfg = Release|Any CPU
		{B85FC59B-D88B-4E50-9852-82C8E48687F4}.Release|iPhoneSimulator.Build.0 = Release|Any CPU
	EndGlobalSection
	GlobalSection(SolutionProperties) = preSolution
		HideSolutionNode = FALSE
	EndGlobalSection
	GlobalSection(NestedProjects) = preSolution
		{DD284682-DD1E-411B-A35A-26BB5EACEEA5} = {C36DDBBA-7B02-4E59-9B23-DA4F6414A578}
		{FCC5B31A-11AF-4C75-9126-1D92EE32EBC0} = {C36DDBBA-7B02-4E59-9B23-DA4F6414A578}
		{B85FC59B-D88B-4E50-9852-82C8E48687F4} = {C36DDBBA-7B02-4E59-9B23-DA4F6414A578}
	EndGlobalSection
	GlobalSection(ExtensibilityGlobals) = postSolution
		SolutionGuid = {F2008DC4-8988-4454-A0B0-BC3F9479BDE3}
	EndGlobalSection
EndGlobal
