
Microsoft Visual Studio Solution File, Format Version 12.00
# Visual Studio 15
VisualStudioVersion = 15.0.27130.2027
MinimumVisualStudioVersion = 10.0.40219.1
Project("{9A19103F-16F7-4668-BE54-9A1E7A4F7556}") = "Xablu.WebApiClient.Tests", "Xablu.WebApiClient.Tests\Xablu.WebApiClient.Tests.csproj", "{95F659E2-9B04-40D5-9378-F93A2E452C36}"
EndProject
Project("{2150E333-8FDC-42A3-9474-1A3956D46DE8}") = "Libraries", "Libraries", "{D6240C13-F0C3-43DE-82AE-57B0140F4C04}"
EndProject
Project("{9A19103F-16F7-4668-BE54-9A1E7A4F7556}") = "Xablu.WebApiClient", "..\src\Xablu.WebApiClient\Xablu.WebApiClient.csproj", "{8125D3F3-DED0-4717-B796-B8A7E61F4361}"
EndProject
Global
	GlobalSection(SolutionConfigurationPlatforms) = preSolution
		Debug|Any CPU = Debug|Any CPU
		Release|Any CPU = Release|Any CPU
	EndGlobalSection
	GlobalSection(ProjectConfigurationPlatforms) = postSolution
		{95F659E2-9B04-40D5-9378-F93A2E452C36}.Debug|Any CPU.ActiveCfg = Debug|Any CPU
		{95F659E2-9B04-40D5-9378-F93A2E452C36}.Debug|Any CPU.Build.0 = Debug|Any CPU
		{95F659E2-9B04-40D5-9378-F93A2E452C36}.Release|Any CPU.ActiveCfg = Release|Any CPU
		{95F659E2-9B04-40D5-9378-F93A2E452C36}.Release|Any CPU.Build.0 = Release|Any CPU
		{8125D3F3-DED0-4717-B796-B8A7E61F4361}.Debug|Any CPU.ActiveCfg = Debug|Any CPU
		{8125D3F3-DED0-4717-B796-B8A7E61F4361}.Debug|Any CPU.Build.0 = Debug|Any CPU
		{8125D3F3-DED0-4717-B796-B8A7E61F4361}.Release|Any CPU.ActiveCfg = Release|Any CPU
		{8125D3F3-DED0-4717-B796-B8A7E61F4361}.Release|Any CPU.Build.0 = Release|Any CPU
	EndGlobalSection
	GlobalSection(SolutionProperties) = preSolution
		HideSolutionNode = FALSE
	EndGlobalSection
	GlobalSection(NestedProjects) = preSolution
		{8125D3F3-DED0-4717-B796-B8A7E61F4361} = {D6240C13-F0C3-43DE-82AE-57B0140F4C04}
	EndGlobalSection
	GlobalSection(ExtensibilityGlobals) = postSolution
		SolutionGuid = {4575155C-36A8-4491-BD26-94FBFCBDB717}
	EndGlobalSection
EndGlobal
