
Microsoft Visual Studio Solution File, Format Version 12.00
# Visual Studio 15
VisualStudioVersion = 15.0.27130.2027
MinimumVisualStudioVersion = 10.0.40219.1
Project("{FAE04EC0-301F-11D3-BF4B-00C04F79EFBC}") = "Sample.Android", "Sample\Sample.Android\Sample.Android.csproj", "{2AEF749E-7D5E-4484-80C1-48FDCEAB276A}"
EndProject
Project("{FAE04EC0-301F-11D3-BF4B-00C04F79EFBC}") = "Sample.iOS", "Sample\Sample.iOS\Sample.iOS.csproj", "{74730BC8-E132-4619-9621-B426A2C3DFB2}"
EndProject
Project("{FAE04EC0-301F-11D3-BF4B-00C04F79EFBC}") = "Sample.UWP", "Sample\Sample.UWP\Sample.UWP.csproj", "{6E4B1B35-5C54-4E0E-90EF-7B4E0DE71373}"
EndProject
Project("{FAE04EC0-301F-11D3-BF4B-00C04F79EFBC}") = "Sample", "Sample\Sample\Sample.csproj", "{F76CFFFD-C260-442F-B051-6BCBC7502604}"
EndProject
Global
	GlobalSection(SolutionConfigurationPlatforms) = preSolution
		Ad-Hoc|Any CPU = Ad-Hoc|Any CPU
		Ad-Hoc|ARM = Ad-Hoc|ARM
		Ad-Hoc|iPhone = Ad-Hoc|iPhone
		Ad-Hoc|iPhoneSimulator = Ad-Hoc|iPhoneSimulator
		Ad-Hoc|x64 = Ad-Hoc|x64
		Ad-Hoc|x86 = Ad-Hoc|x86
		AppStore|Any CPU = AppStore|Any CPU
		AppStore|ARM = AppStore|ARM
		AppStore|iPhone = AppStore|iPhone
		AppStore|iPhoneSimulator = AppStore|iPhoneSimulator
		AppStore|x64 = AppStore|x64
		AppStore|x86 = AppStore|x86
		Debug|Any CPU = Debug|Any CPU
		Debug|ARM = Debug|ARM
		Debug|iPhone = Debug|iPhone
		Debug|iPhoneSimulator = Debug|iPhoneSimulator
		Debug|x64 = Debug|x64
		Debug|x86 = Debug|x86
		Release|Any CPU = Release|Any CPU
		Release|ARM = Release|ARM
		Release|iPhone = Release|iPhone
		Release|iPhoneSimulator = Release|iPhoneSimulator
		Release|x64 = Release|x64
		Release|x86 = Release|x86
	EndGlobalSection
	GlobalSection(ProjectConfigurationPlatforms) = postSolution
		{2AEF749E-7D5E-4484-80C1-48FDCEAB276A}.Ad-Hoc|Any CPU.ActiveCfg = Release|Any CPU
		{2AEF749E-7D5E-4484-80C1-48FDCEAB276A}.Ad-Hoc|Any CPU.Build.0 = Release|Any CPU
		{2AEF749E-7D5E-4484-80C1-48FDCEAB276A}.Ad-Hoc|Any CPU.Deploy.0 = Release|Any CPU
		{2AEF749E-7D5E-4484-80C1-48FDCEAB276A}.Ad-Hoc|ARM.ActiveCfg = Release|Any CPU
		{2AEF749E-7D5E-4484-80C1-48FDCEAB276A}.Ad-Hoc|ARM.Build.0 = Release|Any CPU
		{2AEF749E-7D5E-4484-80C1-48FDCEAB276A}.Ad-Hoc|ARM.Deploy.0 = Release|Any CPU
		{2AEF749E-7D5E-4484-80C1-48FDCEAB276A}.Ad-Hoc|iPhone.ActiveCfg = Release|Any CPU
		{2AEF749E-7D5E-4484-80C1-48FDCEAB276A}.Ad-Hoc|iPhone.Build.0 = Release|Any CPU
		{2AEF749E-7D5E-4484-80C1-48FDCEAB276A}.Ad-Hoc|iPhone.Deploy.0 = Release|Any CPU
		{2AEF749E-7D5E-4484-80C1-48FDCEAB276A}.Ad-Hoc|iPhoneSimulator.ActiveCfg = Release|Any CPU
		{2AEF749E-7D5E-4484-80C1-48FDCEAB276A}.Ad-Hoc|iPhoneSimulator.Build.0 = Release|Any CPU
		{2AEF749E-7D5E-4484-80C1-48FDCEAB276A}.Ad-Hoc|iPhoneSimulator.Deploy.0 = Release|Any CPU
		{2AEF749E-7D5E-4484-80C1-48FDCEAB276A}.Ad-Hoc|x64.ActiveCfg = Release|Any CPU
		{2AEF749E-7D5E-4484-80C1-48FDCEAB276A}.Ad-Hoc|x64.Build.0 = Release|Any CPU
		{2AEF749E-7D5E-4484-80C1-48FDCEAB276A}.Ad-Hoc|x64.Deploy.0 = Release|Any CPU
		{2AEF749E-7D5E-4484-80C1-48FDCEAB276A}.Ad-Hoc|x86.ActiveCfg = Release|Any CPU
		{2AEF749E-7D5E-4484-80C1-48FDCEAB276A}.Ad-Hoc|x86.Build.0 = Release|Any CPU
		{2AEF749E-7D5E-4484-80C1-48FDCEAB276A}.Ad-Hoc|x86.Deploy.0 = Release|Any CPU
		{2AEF749E-7D5E-4484-80C1-48FDCEAB276A}.AppStore|Any CPU.ActiveCfg = Release|Any CPU
		{2AEF749E-7D5E-4484-80C1-48FDCEAB276A}.AppStore|Any CPU.Build.0 = Release|Any CPU
		{2AEF749E-7D5E-4484-80C1-48FDCEAB276A}.AppStore|Any CPU.Deploy.0 = Release|Any CPU
		{2AEF749E-7D5E-4484-80C1-48FDCEAB276A}.AppStore|ARM.ActiveCfg = Release|Any CPU
		{2AEF749E-7D5E-4484-80C1-48FDCEAB276A}.AppStore|ARM.Build.0 = Release|Any CPU
		{2AEF749E-7D5E-4484-80C1-48FDCEAB276A}.AppStore|ARM.Deploy.0 = Release|Any CPU
		{2AEF749E-7D5E-4484-80C1-48FDCEAB276A}.AppStore|iPhone.ActiveCfg = Release|Any CPU
		{2AEF749E-7D5E-4484-80C1-48FDCEAB276A}.AppStore|iPhone.Build.0 = Release|Any CPU
		{2AEF749E-7D5E-4484-80C1-48FDCEAB276A}.AppStore|iPhone.Deploy.0 = Release|Any CPU
		{2AEF749E-7D5E-4484-80C1-48FDCEAB276A}.AppStore|iPhoneSimulator.ActiveCfg = Release|Any CPU
		{2AEF749E-7D5E-4484-80C1-48FDCEAB276A}.AppStore|iPhoneSimulator.Build.0 = Release|Any CPU
		{2AEF749E-7D5E-4484-80C1-48FDCEAB276A}.AppStore|iPhoneSimulator.Deploy.0 = Release|Any CPU
		{2AEF749E-7D5E-4484-80C1-48FDCEAB276A}.AppStore|x64.ActiveCfg = Release|Any CPU
		{2AEF749E-7D5E-4484-80C1-48FDCEAB276A}.AppStore|x64.Build.0 = Release|Any CPU
		{2AEF749E-7D5E-4484-80C1-48FDCEAB276A}.AppStore|x64.Deploy.0 = Release|Any CPU
		{2AEF749E-7D5E-4484-80C1-48FDCEAB276A}.AppStore|x86.ActiveCfg = Release|Any CPU
		{2AEF749E-7D5E-4484-80C1-48FDCEAB276A}.AppStore|x86.Build.0 = Release|Any CPU
		{2AEF749E-7D5E-4484-80C1-48FDCEAB276A}.AppStore|x86.Deploy.0 = Release|Any CPU
		{2AEF749E-7D5E-4484-80C1-48FDCEAB276A}.Debug|Any CPU.ActiveCfg = Debug|Any CPU
		{2AEF749E-7D5E-4484-80C1-48FDCEAB276A}.Debug|Any CPU.Build.0 = Debug|Any CPU
		{2AEF749E-7D5E-4484-80C1-48FDCEAB276A}.Debug|Any CPU.Deploy.0 = Debug|Any CPU
		{2AEF749E-7D5E-4484-80C1-48FDCEAB276A}.Debug|ARM.ActiveCfg = Debug|Any CPU
		{2AEF749E-7D5E-4484-80C1-48FDCEAB276A}.Debug|ARM.Build.0 = Debug|Any CPU
		{2AEF749E-7D5E-4484-80C1-48FDCEAB276A}.Debug|ARM.Deploy.0 = Debug|Any CPU
		{2AEF749E-7D5E-4484-80C1-48FDCEAB276A}.Debug|iPhone.ActiveCfg = Debug|Any CPU
		{2AEF749E-7D5E-4484-80C1-48FDCEAB276A}.Debug|iPhone.Build.0 = Debug|Any CPU
		{2AEF749E-7D5E-4484-80C1-48FDCEAB276A}.Debug|iPhone.Deploy.0 = Debug|Any CPU
		{2AEF749E-7D5E-4484-80C1-48FDCEAB276A}.Debug|iPhoneSimulator.ActiveCfg = Debug|Any CPU
		{2AEF749E-7D5E-4484-80C1-48FDCEAB276A}.Debug|iPhoneSimulator.Build.0 = Debug|Any CPU
		{2AEF749E-7D5E-4484-80C1-48FDCEAB276A}.Debug|iPhoneSimulator.Deploy.0 = Debug|Any CPU
		{2AEF749E-7D5E-4484-80C1-48FDCEAB276A}.Debug|x64.ActiveCfg = Debug|Any CPU
		{2AEF749E-7D5E-4484-80C1-48FDCEAB276A}.Debug|x64.Build.0 = Debug|Any CPU
		{2AEF749E-7D5E-4484-80C1-48FDCEAB276A}.Debug|x64.Deploy.0 = Debug|Any CPU
		{2AEF749E-7D5E-4484-80C1-48FDCEAB276A}.Debug|x86.ActiveCfg = Debug|Any CPU
		{2AEF749E-7D5E-4484-80C1-48FDCEAB276A}.Debug|x86.Build.0 = Debug|Any CPU
		{2AEF749E-7D5E-4484-80C1-48FDCEAB276A}.Debug|x86.Deploy.0 = Debug|Any CPU
		{2AEF749E-7D5E-4484-80C1-48FDCEAB276A}.Release|Any CPU.ActiveCfg = Release|Any CPU
		{2AEF749E-7D5E-4484-80C1-48FDCEAB276A}.Release|Any CPU.Build.0 = Release|Any CPU
		{2AEF749E-7D5E-4484-80C1-48FDCEAB276A}.Release|Any CPU.Deploy.0 = Release|Any CPU
		{2AEF749E-7D5E-4484-80C1-48FDCEAB276A}.Release|ARM.ActiveCfg = Release|Any CPU
		{2AEF749E-7D5E-4484-80C1-48FDCEAB276A}.Release|ARM.Build.0 = Release|Any CPU
		{2AEF749E-7D5E-4484-80C1-48FDCEAB276A}.Release|ARM.Deploy.0 = Release|Any CPU
		{2AEF749E-7D5E-4484-80C1-48FDCEAB276A}.Release|iPhone.ActiveCfg = Release|Any CPU
		{2AEF749E-7D5E-4484-80C1-48FDCEAB276A}.Release|iPhone.Build.0 = Release|Any CPU
		{2AEF749E-7D5E-4484-80C1-48FDCEAB276A}.Release|iPhone.Deploy.0 = Release|Any CPU
		{2AEF749E-7D5E-4484-80C1-48FDCEAB276A}.Release|iPhoneSimulator.ActiveCfg = Release|Any CPU
		{2AEF749E-7D5E-4484-80C1-48FDCEAB276A}.Release|iPhoneSimulator.Build.0 = Release|Any CPU
		{2AEF749E-7D5E-4484-80C1-48FDCEAB276A}.Release|iPhoneSimulator.Deploy.0 = Release|Any CPU
		{2AEF749E-7D5E-4484-80C1-48FDCEAB276A}.Release|x64.ActiveCfg = Release|Any CPU
		{2AEF749E-7D5E-4484-80C1-48FDCEAB276A}.Release|x64.Build.0 = Release|Any CPU
		{2AEF749E-7D5E-4484-80C1-48FDCEAB276A}.Release|x64.Deploy.0 = Release|Any CPU
		{2AEF749E-7D5E-4484-80C1-48FDCEAB276A}.Release|x86.ActiveCfg = Release|Any CPU
		{2AEF749E-7D5E-4484-80C1-48FDCEAB276A}.Release|x86.Build.0 = Release|Any CPU
		{2AEF749E-7D5E-4484-80C1-48FDCEAB276A}.Release|x86.Deploy.0 = Release|Any CPU
		{74730BC8-E132-4619-9621-B426A2C3DFB2}.Ad-Hoc|Any CPU.ActiveCfg = Ad-Hoc|iPhone
		{74730BC8-E132-4619-9621-B426A2C3DFB2}.Ad-Hoc|ARM.ActiveCfg = Ad-Hoc|iPhone
		{74730BC8-E132-4619-9621-B426A2C3DFB2}.Ad-Hoc|iPhone.ActiveCfg = Ad-Hoc|iPhone
		{74730BC8-E132-4619-9621-B426A2C3DFB2}.Ad-Hoc|iPhone.Build.0 = Ad-Hoc|iPhone
		{74730BC8-E132-4619-9621-B426A2C3DFB2}.Ad-Hoc|iPhoneSimulator.ActiveCfg = Ad-Hoc|iPhoneSimulator
		{74730BC8-E132-4619-9621-B426A2C3DFB2}.Ad-Hoc|iPhoneSimulator.Build.0 = Ad-Hoc|iPhoneSimulator
		{74730BC8-E132-4619-9621-B426A2C3DFB2}.Ad-Hoc|x64.ActiveCfg = Ad-Hoc|iPhone
		{74730BC8-E132-4619-9621-B426A2C3DFB2}.Ad-Hoc|x86.ActiveCfg = Ad-Hoc|iPhone
		{74730BC8-E132-4619-9621-B426A2C3DFB2}.AppStore|Any CPU.ActiveCfg = AppStore|iPhone
		{74730BC8-E132-4619-9621-B426A2C3DFB2}.AppStore|ARM.ActiveCfg = AppStore|iPhone
		{74730BC8-E132-4619-9621-B426A2C3DFB2}.AppStore|iPhone.ActiveCfg = AppStore|iPhone
		{74730BC8-E132-4619-9621-B426A2C3DFB2}.AppStore|iPhone.Build.0 = AppStore|iPhone
		{74730BC8-E132-4619-9621-B426A2C3DFB2}.AppStore|iPhoneSimulator.ActiveCfg = AppStore|iPhoneSimulator
		{74730BC8-E132-4619-9621-B426A2C3DFB2}.AppStore|iPhoneSimulator.Build.0 = AppStore|iPhoneSimulator
		{74730BC8-E132-4619-9621-B426A2C3DFB2}.AppStore|x64.ActiveCfg = AppStore|iPhone
		{74730BC8-E132-4619-9621-B426A2C3DFB2}.AppStore|x86.ActiveCfg = AppStore|iPhone
		{74730BC8-E132-4619-9621-B426A2C3DFB2}.Debug|Any CPU.ActiveCfg = Debug|iPhone
		{74730BC8-E132-4619-9621-B426A2C3DFB2}.Debug|ARM.ActiveCfg = Debug|iPhone
		{74730BC8-E132-4619-9621-B426A2C3DFB2}.Debug|iPhone.ActiveCfg = Debug|iPhone
		{74730BC8-E132-4619-9621-B426A2C3DFB2}.Debug|iPhone.Build.0 = Debug|iPhone
		{74730BC8-E132-4619-9621-B426A2C3DFB2}.Debug|iPhoneSimulator.ActiveCfg = Debug|iPhoneSimulator
		{74730BC8-E132-4619-9621-B426A2C3DFB2}.Debug|iPhoneSimulator.Build.0 = Debug|iPhoneSimulator
		{74730BC8-E132-4619-9621-B426A2C3DFB2}.Debug|x64.ActiveCfg = Debug|iPhone
		{74730BC8-E132-4619-9621-B426A2C3DFB2}.Debug|x86.ActiveCfg = Debug|iPhone
		{74730BC8-E132-4619-9621-B426A2C3DFB2}.Release|Any CPU.ActiveCfg = Release|iPhone
		{74730BC8-E132-4619-9621-B426A2C3DFB2}.Release|ARM.ActiveCfg = Release|iPhone
		{74730BC8-E132-4619-9621-B426A2C3DFB2}.Release|iPhone.ActiveCfg = Release|iPhone
		{74730BC8-E132-4619-9621-B426A2C3DFB2}.Release|iPhone.Build.0 = Release|iPhone
		{74730BC8-E132-4619-9621-B426A2C3DFB2}.Release|iPhoneSimulator.ActiveCfg = Release|iPhoneSimulator
		{74730BC8-E132-4619-9621-B426A2C3DFB2}.Release|iPhoneSimulator.Build.0 = Release|iPhoneSimulator
		{74730BC8-E132-4619-9621-B426A2C3DFB2}.Release|x64.ActiveCfg = Release|iPhone
		{74730BC8-E132-4619-9621-B426A2C3DFB2}.Release|x86.ActiveCfg = Release|iPhone
		{6E4B1B35-5C54-4E0E-90EF-7B4E0DE71373}.Ad-Hoc|Any CPU.ActiveCfg = Release|x86
		{6E4B1B35-5C54-4E0E-90EF-7B4E0DE71373}.Ad-Hoc|Any CPU.Build.0 = Release|x86
		{6E4B1B35-5C54-4E0E-90EF-7B4E0DE71373}.Ad-Hoc|Any CPU.Deploy.0 = Release|x86
		{6E4B1B35-5C54-4E0E-90EF-7B4E0DE71373}.Ad-Hoc|ARM.ActiveCfg = Release|ARM
		{6E4B1B35-5C54-4E0E-90EF-7B4E0DE71373}.Ad-Hoc|ARM.Build.0 = Release|ARM
		{6E4B1B35-5C54-4E0E-90EF-7B4E0DE71373}.Ad-Hoc|ARM.Deploy.0 = Release|ARM
		{6E4B1B35-5C54-4E0E-90EF-7B4E0DE71373}.Ad-Hoc|iPhone.ActiveCfg = Release|x86
		{6E4B1B35-5C54-4E0E-90EF-7B4E0DE71373}.Ad-Hoc|iPhone.Build.0 = Release|x86
		{6E4B1B35-5C54-4E0E-90EF-7B4E0DE71373}.Ad-Hoc|iPhone.Deploy.0 = Release|x86
		{6E4B1B35-5C54-4E0E-90EF-7B4E0DE71373}.Ad-Hoc|iPhoneSimulator.ActiveCfg = Release|x86
		{6E4B1B35-5C54-4E0E-90EF-7B4E0DE71373}.Ad-Hoc|iPhoneSimulator.Build.0 = Release|x86
		{6E4B1B35-5C54-4E0E-90EF-7B4E0DE71373}.Ad-Hoc|iPhoneSimulator.Deploy.0 = Release|x86
		{6E4B1B35-5C54-4E0E-90EF-7B4E0DE71373}.Ad-Hoc|x64.ActiveCfg = Release|x64
		{6E4B1B35-5C54-4E0E-90EF-7B4E0DE71373}.Ad-Hoc|x64.Build.0 = Release|x64
		{6E4B1B35-5C54-4E0E-90EF-7B4E0DE71373}.Ad-Hoc|x64.Deploy.0 = Release|x64
		{6E4B1B35-5C54-4E0E-90EF-7B4E0DE71373}.Ad-Hoc|x86.ActiveCfg = Release|x86
		{6E4B1B35-5C54-4E0E-90EF-7B4E0DE71373}.Ad-Hoc|x86.Build.0 = Release|x86
		{6E4B1B35-5C54-4E0E-90EF-7B4E0DE71373}.Ad-Hoc|x86.Deploy.0 = Release|x86
		{6E4B1B35-5C54-4E0E-90EF-7B4E0DE71373}.AppStore|Any CPU.ActiveCfg = Release|x86
		{6E4B1B35-5C54-4E0E-90EF-7B4E0DE71373}.AppStore|Any CPU.Build.0 = Release|x86
		{6E4B1B35-5C54-4E0E-90EF-7B4E0DE71373}.AppStore|Any CPU.Deploy.0 = Release|x86
		{6E4B1B35-5C54-4E0E-90EF-7B4E0DE71373}.AppStore|ARM.ActiveCfg = Release|ARM
		{6E4B1B35-5C54-4E0E-90EF-7B4E0DE71373}.AppStore|ARM.Build.0 = Release|ARM
		{6E4B1B35-5C54-4E0E-90EF-7B4E0DE71373}.AppStore|ARM.Deploy.0 = Release|ARM
		{6E4B1B35-5C54-4E0E-90EF-7B4E0DE71373}.AppStore|iPhone.ActiveCfg = Release|x86
		{6E4B1B35-5C54-4E0E-90EF-7B4E0DE71373}.AppStore|iPhone.Build.0 = Release|x86
		{6E4B1B35-5C54-4E0E-90EF-7B4E0DE71373}.AppStore|iPhone.Deploy.0 = Release|x86
		{6E4B1B35-5C54-4E0E-90EF-7B4E0DE71373}.AppStore|iPhoneSimulator.ActiveCfg = Release|x86
		{6E4B1B35-5C54-4E0E-90EF-7B4E0DE71373}.AppStore|iPhoneSimulator.Build.0 = Release|x86
		{6E4B1B35-5C54-4E0E-90EF-7B4E0DE71373}.AppStore|iPhoneSimulator.Deploy.0 = Release|x86
		{6E4B1B35-5C54-4E0E-90EF-7B4E0DE71373}.AppStore|x64.ActiveCfg = Release|x64
		{6E4B1B35-5C54-4E0E-90EF-7B4E0DE71373}.AppStore|x64.Build.0 = Release|x64
		{6E4B1B35-5C54-4E0E-90EF-7B4E0DE71373}.AppStore|x64.Deploy.0 = Release|x64
		{6E4B1B35-5C54-4E0E-90EF-7B4E0DE71373}.AppStore|x86.ActiveCfg = Release|x86
		{6E4B1B35-5C54-4E0E-90EF-7B4E0DE71373}.AppStore|x86.Build.0 = Release|x86
		{6E4B1B35-5C54-4E0E-90EF-7B4E0DE71373}.AppStore|x86.Deploy.0 = Release|x86
		{6E4B1B35-5C54-4E0E-90EF-7B4E0DE71373}.Debug|Any CPU.ActiveCfg = Debug|x86
		{6E4B1B35-5C54-4E0E-90EF-7B4E0DE71373}.Debug|ARM.ActiveCfg = Debug|ARM
		{6E4B1B35-5C54-4E0E-90EF-7B4E0DE71373}.Debug|ARM.Build.0 = Debug|ARM
		{6E4B1B35-5C54-4E0E-90EF-7B4E0DE71373}.Debug|ARM.Deploy.0 = Debug|ARM
		{6E4B1B35-5C54-4E0E-90EF-7B4E0DE71373}.Debug|iPhone.ActiveCfg = Debug|x86
		{6E4B1B35-5C54-4E0E-90EF-7B4E0DE71373}.Debug|iPhoneSimulator.ActiveCfg = Debug|x86
		{6E4B1B35-5C54-4E0E-90EF-7B4E0DE71373}.Debug|x64.ActiveCfg = Debug|x64
		{6E4B1B35-5C54-4E0E-90EF-7B4E0DE71373}.Debug|x64.Build.0 = Debug|x64
		{6E4B1B35-5C54-4E0E-90EF-7B4E0DE71373}.Debug|x64.Deploy.0 = Debug|x64
		{6E4B1B35-5C54-4E0E-90EF-7B4E0DE71373}.Debug|x86.ActiveCfg = Debug|x86
		{6E4B1B35-5C54-4E0E-90EF-7B4E0DE71373}.Debug|x86.Build.0 = Debug|x86
		{6E4B1B35-5C54-4E0E-90EF-7B4E0DE71373}.Debug|x86.Deploy.0 = Debug|x86
		{6E4B1B35-5C54-4E0E-90EF-7B4E0DE71373}.Release|Any CPU.ActiveCfg = Release|x86
		{6E4B1B35-5C54-4E0E-90EF-7B4E0DE71373}.Release|ARM.ActiveCfg = Release|ARM
		{6E4B1B35-5C54-4E0E-90EF-7B4E0DE71373}.Release|ARM.Build.0 = Release|ARM
		{6E4B1B35-5C54-4E0E-90EF-7B4E0DE71373}.Release|ARM.Deploy.0 = Release|ARM
		{6E4B1B35-5C54-4E0E-90EF-7B4E0DE71373}.Release|iPhone.ActiveCfg = Release|x86
		{6E4B1B35-5C54-4E0E-90EF-7B4E0DE71373}.Release|iPhoneSimulator.ActiveCfg = Release|x86
		{6E4B1B35-5C54-4E0E-90EF-7B4E0DE71373}.Release|x64.ActiveCfg = Release|x64
		{6E4B1B35-5C54-4E0E-90EF-7B4E0DE71373}.Release|x64.Build.0 = Release|x64
		{6E4B1B35-5C54-4E0E-90EF-7B4E0DE71373}.Release|x64.Deploy.0 = Release|x64
		{6E4B1B35-5C54-4E0E-90EF-7B4E0DE71373}.Release|x86.ActiveCfg = Release|x86
		{6E4B1B35-5C54-4E0E-90EF-7B4E0DE71373}.Release|x86.Build.0 = Release|x86
		{6E4B1B35-5C54-4E0E-90EF-7B4E0DE71373}.Release|x86.Deploy.0 = Release|x86
		{F76CFFFD-C260-442F-B051-6BCBC7502604}.Ad-Hoc|Any CPU.ActiveCfg = Debug|Any CPU
		{F76CFFFD-C260-442F-B051-6BCBC7502604}.Ad-Hoc|Any CPU.Build.0 = Debug|Any CPU
		{F76CFFFD-C260-442F-B051-6BCBC7502604}.Ad-Hoc|ARM.ActiveCfg = Debug|Any CPU
		{F76CFFFD-C260-442F-B051-6BCBC7502604}.Ad-Hoc|ARM.Build.0 = Debug|Any CPU
		{F76CFFFD-C260-442F-B051-6BCBC7502604}.Ad-Hoc|iPhone.ActiveCfg = Debug|Any CPU
		{F76CFFFD-C260-442F-B051-6BCBC7502604}.Ad-Hoc|iPhone.Build.0 = Debug|Any CPU
		{F76CFFFD-C260-442F-B051-6BCBC7502604}.Ad-Hoc|iPhoneSimulator.ActiveCfg = Debug|Any CPU
		{F76CFFFD-C260-442F-B051-6BCBC7502604}.Ad-Hoc|iPhoneSimulator.Build.0 = Debug|Any CPU
		{F76CFFFD-C260-442F-B051-6BCBC7502604}.Ad-Hoc|x64.ActiveCfg = Debug|Any CPU
		{F76CFFFD-C260-442F-B051-6BCBC7502604}.Ad-Hoc|x64.Build.0 = Debug|Any CPU
		{F76CFFFD-C260-442F-B051-6BCBC7502604}.Ad-Hoc|x86.ActiveCfg = Debug|Any CPU
		{F76CFFFD-C260-442F-B051-6BCBC7502604}.Ad-Hoc|x86.Build.0 = Debug|Any CPU
		{F76CFFFD-C260-442F-B051-6BCBC7502604}.AppStore|Any CPU.ActiveCfg = Debug|Any CPU
		{F76CFFFD-C260-442F-B051-6BCBC7502604}.AppStore|Any CPU.Build.0 = Debug|Any CPU
		{F76CFFFD-C260-442F-B051-6BCBC7502604}.AppStore|ARM.ActiveCfg = Debug|Any CPU
		{F76CFFFD-C260-442F-B051-6BCBC7502604}.AppStore|ARM.Build.0 = Debug|Any CPU
		{F76CFFFD-C260-442F-B051-6BCBC7502604}.AppStore|iPhone.ActiveCfg = Debug|Any CPU
		{F76CFFFD-C260-442F-B051-6BCBC7502604}.AppStore|iPhone.Build.0 = Debug|Any CPU
		{F76CFFFD-C260-442F-B051-6BCBC7502604}.AppStore|iPhoneSimulator.ActiveCfg = Debug|Any CPU
		{F76CFFFD-C260-442F-B051-6BCBC7502604}.AppStore|iPhoneSimulator.Build.0 = Debug|Any CPU
		{F76CFFFD-C260-442F-B051-6BCBC7502604}.AppStore|x64.ActiveCfg = Debug|Any CPU
		{F76CFFFD-C260-442F-B051-6BCBC7502604}.AppStore|x64.Build.0 = Debug|Any CPU
		{F76CFFFD-C260-442F-B051-6BCBC7502604}.AppStore|x86.ActiveCfg = Debug|Any CPU
		{F76CFFFD-C260-442F-B051-6BCBC7502604}.AppStore|x86.Build.0 = Debug|Any CPU
		{F76CFFFD-C260-442F-B051-6BCBC7502604}.Debug|Any CPU.ActiveCfg = Debug|Any CPU
		{F76CFFFD-C260-442F-B051-6BCBC7502604}.Debug|Any CPU.Build.0 = Debug|Any CPU
		{F76CFFFD-C260-442F-B051-6BCBC7502604}.Debug|ARM.ActiveCfg = Debug|Any CPU
		{F76CFFFD-C260-442F-B051-6BCBC7502604}.Debug|ARM.Build.0 = Debug|Any CPU
		{F76CFFFD-C260-442F-B051-6BCBC7502604}.Debug|iPhone.ActiveCfg = Debug|Any CPU
		{F76CFFFD-C260-442F-B051-6BCBC7502604}.Debug|iPhone.Build.0 = Debug|Any CPU
		{F76CFFFD-C260-442F-B051-6BCBC7502604}.Debug|iPhoneSimulator.ActiveCfg = Debug|Any CPU
		{F76CFFFD-C260-442F-B051-6BCBC7502604}.Debug|iPhoneSimulator.Build.0 = Debug|Any CPU
		{F76CFFFD-C260-442F-B051-6BCBC7502604}.Debug|x64.ActiveCfg = Debug|Any CPU
		{F76CFFFD-C260-442F-B051-6BCBC7502604}.Debug|x64.Build.0 = Debug|Any CPU
		{F76CFFFD-C260-442F-B051-6BCBC7502604}.Debug|x86.ActiveCfg = Debug|Any CPU
		{F76CFFFD-C260-442F-B051-6BCBC7502604}.Debug|x86.Build.0 = Debug|Any CPU
		{F76CFFFD-C260-442F-B051-6BCBC7502604}.Release|Any CPU.ActiveCfg = Release|Any CPU
		{F76CFFFD-C260-442F-B051-6BCBC7502604}.Release|Any CPU.Build.0 = Release|Any CPU
		{F76CFFFD-C260-442F-B051-6BCBC7502604}.Release|ARM.ActiveCfg = Release|Any CPU
		{F76CFFFD-C260-442F-B051-6BCBC7502604}.Release|ARM.Build.0 = Release|Any CPU
		{F76CFFFD-C260-442F-B051-6BCBC7502604}.Release|iPhone.ActiveCfg = Release|Any CPU
		{F76CFFFD-C260-442F-B051-6BCBC7502604}.Release|iPhone.Build.0 = Release|Any CPU
		{F76CFFFD-C260-442F-B051-6BCBC7502604}.Release|iPhoneSimulator.ActiveCfg = Release|Any CPU
		{F76CFFFD-C260-442F-B051-6BCBC7502604}.Release|iPhoneSimulator.Build.0 = Release|Any CPU
		{F76CFFFD-C260-442F-B051-6BCBC7502604}.Release|x64.ActiveCfg = Release|Any CPU
		{F76CFFFD-C260-442F-B051-6BCBC7502604}.Release|x64.Build.0 = Release|Any CPU
		{F76CFFFD-C260-442F-B051-6BCBC7502604}.Release|x86.ActiveCfg = Release|Any CPU
		{F76CFFFD-C260-442F-B051-6BCBC7502604}.Release|x86.Build.0 = Release|Any CPU
	EndGlobalSection
	GlobalSection(SolutionProperties) = preSolution
		HideSolutionNode = FALSE
	EndGlobalSection
	GlobalSection(ExtensibilityGlobals) = postSolution
		SolutionGuid = {E2D04039-6E71-45ED-B824-58293030682C}
	EndGlobalSection
EndGlobal
