
Microsoft Visual Studio Solution File, Format Version 12.00
# Visual Studio 15
VisualStudioVersion = 15.0.27130.2027
MinimumVisualStudioVersion = 10.0.40219.1
Project("{2150E333-8FDC-42A3-9474-1A3956D46DE8}") = "Solution Items", "Solution Items", "{F0E7A280-B62D-4850-A34F-1AAB55C0CD4B}"
	ProjectSection(SolutionItems) = preProject
		..\appveyor.yml = ..\appveyor.yml
		Xablu.WebApiClient.sln = Xablu.WebApiClient.sln
	EndProjectSection
EndProject
Project("{FAE04EC0-301F-11D3-BF4B-00C04F79EFBC}") = "Xablu.WebApiClient.Tests", "..\Tests\Xablu.WebApiClient.Tests\Xablu.WebApiClient.Tests.csproj", "{69AFB91C-FF88-45AD-BCCF-9D1F3B428111}"
EndProject
Project("{FAE04EC0-301F-11D3-BF4B-00C04F79EFBC}") = "Xablu.WebApiClient", "Xablu.WebApiClient\Xablu.WebApiClient.csproj", "{353DBDAF-A31D-461A-99BA-B217399E968A}"
EndProject
Project("{2150E333-8FDC-42A3-9474-1A3956D46DE8}") = "Samples", "Samples", "{A144489A-61E9-4DD7-A979-07FBFB3995D3}"
EndProject
Project("{FAE04EC0-301F-11D3-BF4B-00C04F79EFBC}") = "TestConsoleApp", "..\Samples\TestConsoleApp\TestConsoleApp.csproj", "{9040378F-E68D-4EB0-8623-FBB550C4B595}"
EndProject
Project("{FAE04EC0-301F-11D3-BF4B-00C04F79EFBC}") = "TestApp", "..\Samples\TestApp\TestApp.csproj", "{EF212B94-4DDE-4162-B105-4C1A06E36D16}"
EndProject
Project("{FAE04EC0-301F-11D3-BF4B-00C04F79EFBC}") = "TestApp.iOS", "..\Samples\TestApp.iOS\TestApp.iOS.csproj", "{F6DC7B83-0248-46F3-AAE8-F0CA608B7C09}"
EndProject
Project("{FAE04EC0-301F-11D3-BF4B-00C04F79EFBC}") = "TestApp.Android", "..\Samples\TestApp.Android\TestApp.Android.csproj", "{3C890DB7-7631-44B5-8DE1-1A0FF9A3CFF7}"
EndProject
Project("{2150E333-8FDC-42A3-9474-1A3956D46DE8}") = "BooksQL", "BooksQL", "{9DE366A6-7809-4CE0-8398-401EABA112B8}"
EndProject
Project("{FAE04EC0-301F-11D3-BF4B-00C04F79EFBC}") = "BooksQL", "..\Samples\BooksQL\BooksQL.csproj", "{F4C6AC45-8B3C-4684-8F64-AACBC2B721A2}"
EndProject
Project("{FAE04EC0-301F-11D3-BF4B-00C04F79EFBC}") = "BooksQL.API", "..\Samples\BooksQL.API\BooksQL.API.csproj", "{787E39BC-CE48-4BF5-B942-CE402B98A53E}"
EndProject
Project("{FAE04EC0-301F-11D3-BF4B-00C04F79EFBC}") = "BooksQL.Android", "..\Samples\BooksQL.Android\BooksQL.Android.csproj", "{8496A08A-6D3A-41AF-8283-F307E8309F5D}"
EndProject
Project("{FAE04EC0-301F-11D3-BF4B-00C04F79EFBC}") = "BooksQL.iOS", "..\Samples\BooksQL.iOS\BooksQL.iOS.csproj", "{240D2ACA-946F-462C-BD92-8FF620DB4ECA}"
EndProject
Global
	GlobalSection(SolutionConfigurationPlatforms) = preSolution
		Debug|Any CPU = Debug|Any CPU
		Debug|ARM = Debug|ARM
		Debug|iPhone = Debug|iPhone
		Debug|iPhoneSimulator = Debug|iPhoneSimulator
		Debug|x64 = Debug|x64
		Debug|x86 = Debug|x86
		Release|Any CPU = Release|Any CPU
		Release|ARM = Release|ARM
		Release|iPhone = Release|iPhone
		Release|iPhoneSimulator = Release|iPhoneSimulator
		Release|x64 = Release|x64
		Release|x86 = Release|x86
	EndGlobalSection
	GlobalSection(ProjectConfigurationPlatforms) = postSolution
		{69AFB91C-FF88-45AD-BCCF-9D1F3B428111}.Debug|Any CPU.ActiveCfg = Debug|Any CPU
		{69AFB91C-FF88-45AD-BCCF-9D1F3B428111}.Debug|Any CPU.Build.0 = Debug|Any CPU
		{69AFB91C-FF88-45AD-BCCF-9D1F3B428111}.Debug|ARM.ActiveCfg = Debug|Any CPU
		{69AFB91C-FF88-45AD-BCCF-9D1F3B428111}.Debug|ARM.Build.0 = Debug|Any CPU
		{69AFB91C-FF88-45AD-BCCF-9D1F3B428111}.Debug|iPhone.ActiveCfg = Debug|Any CPU
		{69AFB91C-FF88-45AD-BCCF-9D1F3B428111}.Debug|iPhone.Build.0 = Debug|Any CPU
		{69AFB91C-FF88-45AD-BCCF-9D1F3B428111}.Debug|iPhoneSimulator.ActiveCfg = Debug|Any CPU
		{69AFB91C-FF88-45AD-BCCF-9D1F3B428111}.Debug|iPhoneSimulator.Build.0 = Debug|Any CPU
		{69AFB91C-FF88-45AD-BCCF-9D1F3B428111}.Debug|x64.ActiveCfg = Debug|Any CPU
		{69AFB91C-FF88-45AD-BCCF-9D1F3B428111}.Debug|x64.Build.0 = Debug|Any CPU
		{69AFB91C-FF88-45AD-BCCF-9D1F3B428111}.Debug|x86.ActiveCfg = Debug|Any CPU
		{69AFB91C-FF88-45AD-BCCF-9D1F3B428111}.Debug|x86.Build.0 = Debug|Any CPU
		{69AFB91C-FF88-45AD-BCCF-9D1F3B428111}.Release|Any CPU.ActiveCfg = Release|Any CPU
		{69AFB91C-FF88-45AD-BCCF-9D1F3B428111}.Release|Any CPU.Build.0 = Release|Any CPU
		{69AFB91C-FF88-45AD-BCCF-9D1F3B428111}.Release|ARM.ActiveCfg = Release|Any CPU
		{69AFB91C-FF88-45AD-BCCF-9D1F3B428111}.Release|ARM.Build.0 = Release|Any CPU
		{69AFB91C-FF88-45AD-BCCF-9D1F3B428111}.Release|iPhone.ActiveCfg = Release|Any CPU
		{69AFB91C-FF88-45AD-BCCF-9D1F3B428111}.Release|iPhone.Build.0 = Release|Any CPU
		{69AFB91C-FF88-45AD-BCCF-9D1F3B428111}.Release|iPhoneSimulator.ActiveCfg = Release|Any CPU
		{69AFB91C-FF88-45AD-BCCF-9D1F3B428111}.Release|iPhoneSimulator.Build.0 = Release|Any CPU
		{69AFB91C-FF88-45AD-BCCF-9D1F3B428111}.Release|x64.ActiveCfg = Release|Any CPU
		{69AFB91C-FF88-45AD-BCCF-9D1F3B428111}.Release|x64.Build.0 = Release|Any CPU
		{69AFB91C-FF88-45AD-BCCF-9D1F3B428111}.Release|x86.ActiveCfg = Release|Any CPU
		{69AFB91C-FF88-45AD-BCCF-9D1F3B428111}.Release|x86.Build.0 = Release|Any CPU
		{353DBDAF-A31D-461A-99BA-B217399E968A}.Debug|Any CPU.ActiveCfg = Debug|Any CPU
		{353DBDAF-A31D-461A-99BA-B217399E968A}.Debug|Any CPU.Build.0 = Debug|Any CPU
		{353DBDAF-A31D-461A-99BA-B217399E968A}.Debug|ARM.ActiveCfg = Debug|Any CPU
		{353DBDAF-A31D-461A-99BA-B217399E968A}.Debug|ARM.Build.0 = Debug|Any CPU
		{353DBDAF-A31D-461A-99BA-B217399E968A}.Debug|iPhone.ActiveCfg = Debug|Any CPU
		{353DBDAF-A31D-461A-99BA-B217399E968A}.Debug|iPhone.Build.0 = Debug|Any CPU
		{353DBDAF-A31D-461A-99BA-B217399E968A}.Debug|iPhoneSimulator.ActiveCfg = Debug|Any CPU
		{353DBDAF-A31D-461A-99BA-B217399E968A}.Debug|iPhoneSimulator.Build.0 = Debug|Any CPU
		{353DBDAF-A31D-461A-99BA-B217399E968A}.Debug|x64.ActiveCfg = Debug|Any CPU
		{353DBDAF-A31D-461A-99BA-B217399E968A}.Debug|x64.Build.0 = Debug|Any CPU
		{353DBDAF-A31D-461A-99BA-B217399E968A}.Debug|x86.ActiveCfg = Debug|Any CPU
		{353DBDAF-A31D-461A-99BA-B217399E968A}.Debug|x86.Build.0 = Debug|Any CPU
		{353DBDAF-A31D-461A-99BA-B217399E968A}.Release|Any CPU.ActiveCfg = Release|Any CPU
		{353DBDAF-A31D-461A-99BA-B217399E968A}.Release|Any CPU.Build.0 = Release|Any CPU
		{353DBDAF-A31D-461A-99BA-B217399E968A}.Release|ARM.ActiveCfg = Release|Any CPU
		{353DBDAF-A31D-461A-99BA-B217399E968A}.Release|ARM.Build.0 = Release|Any CPU
		{353DBDAF-A31D-461A-99BA-B217399E968A}.Release|iPhone.ActiveCfg = Release|Any CPU
		{353DBDAF-A31D-461A-99BA-B217399E968A}.Release|iPhone.Build.0 = Release|Any CPU
		{353DBDAF-A31D-461A-99BA-B217399E968A}.Release|iPhoneSimulator.ActiveCfg = Release|Any CPU
		{353DBDAF-A31D-461A-99BA-B217399E968A}.Release|iPhoneSimulator.Build.0 = Release|Any CPU
		{353DBDAF-A31D-461A-99BA-B217399E968A}.Release|x64.ActiveCfg = Release|Any CPU
		{353DBDAF-A31D-461A-99BA-B217399E968A}.Release|x64.Build.0 = Release|Any CPU
		{353DBDAF-A31D-461A-99BA-B217399E968A}.Release|x86.ActiveCfg = Release|Any CPU
		{353DBDAF-A31D-461A-99BA-B217399E968A}.Release|x86.Build.0 = Release|Any CPU
		{9040378F-E68D-4EB0-8623-FBB550C4B595}.Debug|Any CPU.ActiveCfg = Debug|Any CPU
		{9040378F-E68D-4EB0-8623-FBB550C4B595}.Debug|Any CPU.Build.0 = Debug|Any CPU
		{9040378F-E68D-4EB0-8623-FBB550C4B595}.Debug|ARM.ActiveCfg = Debug|Any CPU
		{9040378F-E68D-4EB0-8623-FBB550C4B595}.Debug|ARM.Build.0 = Debug|Any CPU
		{9040378F-E68D-4EB0-8623-FBB550C4B595}.Debug|iPhone.ActiveCfg = Debug|Any CPU
		{9040378F-E68D-4EB0-8623-FBB550C4B595}.Debug|iPhone.Build.0 = Debug|Any CPU
		{9040378F-E68D-4EB0-8623-FBB550C4B595}.Debug|iPhoneSimulator.ActiveCfg = Debug|Any CPU
		{9040378F-E68D-4EB0-8623-FBB550C4B595}.Debug|iPhoneSimulator.Build.0 = Debug|Any CPU
		{9040378F-E68D-4EB0-8623-FBB550C4B595}.Debug|x64.ActiveCfg = Debug|Any CPU
		{9040378F-E68D-4EB0-8623-FBB550C4B595}.Debug|x64.Build.0 = Debug|Any CPU
		{9040378F-E68D-4EB0-8623-FBB550C4B595}.Debug|x86.ActiveCfg = Debug|Any CPU
		{9040378F-E68D-4EB0-8623-FBB550C4B595}.Debug|x86.Build.0 = Debug|Any CPU
		{9040378F-E68D-4EB0-8623-FBB550C4B595}.Release|Any CPU.ActiveCfg = Release|Any CPU
		{9040378F-E68D-4EB0-8623-FBB550C4B595}.Release|Any CPU.Build.0 = Release|Any CPU
		{9040378F-E68D-4EB0-8623-FBB550C4B595}.Release|ARM.ActiveCfg = Release|Any CPU
		{9040378F-E68D-4EB0-8623-FBB550C4B595}.Release|ARM.Build.0 = Release|Any CPU
		{9040378F-E68D-4EB0-8623-FBB550C4B595}.Release|iPhone.ActiveCfg = Release|Any CPU
		{9040378F-E68D-4EB0-8623-FBB550C4B595}.Release|iPhone.Build.0 = Release|Any CPU
		{9040378F-E68D-4EB0-8623-FBB550C4B595}.Release|iPhoneSimulator.ActiveCfg = Release|Any CPU
		{9040378F-E68D-4EB0-8623-FBB550C4B595}.Release|iPhoneSimulator.Build.0 = Release|Any CPU
		{9040378F-E68D-4EB0-8623-FBB550C4B595}.Release|x64.ActiveCfg = Release|Any CPU
		{9040378F-E68D-4EB0-8623-FBB550C4B595}.Release|x64.Build.0 = Release|Any CPU
		{9040378F-E68D-4EB0-8623-FBB550C4B595}.Release|x86.ActiveCfg = Release|Any CPU
		{9040378F-E68D-4EB0-8623-FBB550C4B595}.Release|x86.Build.0 = Release|Any CPU
		{EF212B94-4DDE-4162-B105-4C1A06E36D16}.Debug|Any CPU.ActiveCfg = Debug|Any CPU
		{EF212B94-4DDE-4162-B105-4C1A06E36D16}.Debug|Any CPU.Build.0 = Debug|Any CPU
		{EF212B94-4DDE-4162-B105-4C1A06E36D16}.Debug|ARM.ActiveCfg = Debug|Any CPU
		{EF212B94-4DDE-4162-B105-4C1A06E36D16}.Debug|ARM.Build.0 = Debug|Any CPU
		{EF212B94-4DDE-4162-B105-4C1A06E36D16}.Debug|iPhone.ActiveCfg = Debug|Any CPU
		{EF212B94-4DDE-4162-B105-4C1A06E36D16}.Debug|iPhone.Build.0 = Debug|Any CPU
		{EF212B94-4DDE-4162-B105-4C1A06E36D16}.Debug|iPhoneSimulator.ActiveCfg = Debug|Any CPU
		{EF212B94-4DDE-4162-B105-4C1A06E36D16}.Debug|iPhoneSimulator.Build.0 = Debug|Any CPU
		{EF212B94-4DDE-4162-B105-4C1A06E36D16}.Debug|x64.ActiveCfg = Debug|Any CPU
		{EF212B94-4DDE-4162-B105-4C1A06E36D16}.Debug|x64.Build.0 = Debug|Any CPU
		{EF212B94-4DDE-4162-B105-4C1A06E36D16}.Debug|x86.ActiveCfg = Debug|Any CPU
		{EF212B94-4DDE-4162-B105-4C1A06E36D16}.Debug|x86.Build.0 = Debug|Any CPU
		{EF212B94-4DDE-4162-B105-4C1A06E36D16}.Release|Any CPU.ActiveCfg = Release|Any CPU
		{EF212B94-4DDE-4162-B105-4C1A06E36D16}.Release|Any CPU.Build.0 = Release|Any CPU
		{EF212B94-4DDE-4162-B105-4C1A06E36D16}.Release|ARM.ActiveCfg = Release|Any CPU
		{EF212B94-4DDE-4162-B105-4C1A06E36D16}.Release|ARM.Build.0 = Release|Any CPU
		{EF212B94-4DDE-4162-B105-4C1A06E36D16}.Release|iPhone.ActiveCfg = Release|Any CPU
		{EF212B94-4DDE-4162-B105-4C1A06E36D16}.Release|iPhone.Build.0 = Release|Any CPU
		{EF212B94-4DDE-4162-B105-4C1A06E36D16}.Release|iPhoneSimulator.ActiveCfg = Release|Any CPU
		{EF212B94-4DDE-4162-B105-4C1A06E36D16}.Release|iPhoneSimulator.Build.0 = Release|Any CPU
		{EF212B94-4DDE-4162-B105-4C1A06E36D16}.Release|x64.ActiveCfg = Release|Any CPU
		{EF212B94-4DDE-4162-B105-4C1A06E36D16}.Release|x64.Build.0 = Release|Any CPU
		{EF212B94-4DDE-4162-B105-4C1A06E36D16}.Release|x86.ActiveCfg = Release|Any CPU
		{EF212B94-4DDE-4162-B105-4C1A06E36D16}.Release|x86.Build.0 = Release|Any CPU
		{F6DC7B83-0248-46F3-AAE8-F0CA608B7C09}.Debug|Any CPU.ActiveCfg = Debug|iPhoneSimulator
		{F6DC7B83-0248-46F3-AAE8-F0CA608B7C09}.Debug|Any CPU.Build.0 = Debug|iPhoneSimulator
		{F6DC7B83-0248-46F3-AAE8-F0CA608B7C09}.Debug|ARM.ActiveCfg = Debug|iPhoneSimulator
		{F6DC7B83-0248-46F3-AAE8-F0CA608B7C09}.Debug|ARM.Build.0 = Debug|iPhoneSimulator
		{F6DC7B83-0248-46F3-AAE8-F0CA608B7C09}.Debug|iPhone.ActiveCfg = Debug|iPhone
		{F6DC7B83-0248-46F3-AAE8-F0CA608B7C09}.Debug|iPhone.Build.0 = Debug|iPhone
		{F6DC7B83-0248-46F3-AAE8-F0CA608B7C09}.Debug|iPhoneSimulator.ActiveCfg = Debug|iPhoneSimulator
		{F6DC7B83-0248-46F3-AAE8-F0CA608B7C09}.Debug|iPhoneSimulator.Build.0 = Debug|iPhoneSimulator
		{F6DC7B83-0248-46F3-AAE8-F0CA608B7C09}.Debug|x64.ActiveCfg = Debug|iPhoneSimulator
		{F6DC7B83-0248-46F3-AAE8-F0CA608B7C09}.Debug|x64.Build.0 = Debug|iPhoneSimulator
		{F6DC7B83-0248-46F3-AAE8-F0CA608B7C09}.Debug|x86.ActiveCfg = Debug|iPhoneSimulator
		{F6DC7B83-0248-46F3-AAE8-F0CA608B7C09}.Debug|x86.Build.0 = Debug|iPhoneSimulator
		{F6DC7B83-0248-46F3-AAE8-F0CA608B7C09}.Release|Any CPU.ActiveCfg = Release|iPhoneSimulator
		{F6DC7B83-0248-46F3-AAE8-F0CA608B7C09}.Release|Any CPU.Build.0 = Release|iPhoneSimulator
		{F6DC7B83-0248-46F3-AAE8-F0CA608B7C09}.Release|ARM.ActiveCfg = Release|iPhoneSimulator
		{F6DC7B83-0248-46F3-AAE8-F0CA608B7C09}.Release|ARM.Build.0 = Release|iPhoneSimulator
		{F6DC7B83-0248-46F3-AAE8-F0CA608B7C09}.Release|iPhone.ActiveCfg = Release|iPhone
		{F6DC7B83-0248-46F3-AAE8-F0CA608B7C09}.Release|iPhone.Build.0 = Release|iPhone
		{F6DC7B83-0248-46F3-AAE8-F0CA608B7C09}.Release|iPhoneSimulator.ActiveCfg = Release|iPhoneSimulator
		{F6DC7B83-0248-46F3-AAE8-F0CA608B7C09}.Release|iPhoneSimulator.Build.0 = Release|iPhoneSimulator
		{F6DC7B83-0248-46F3-AAE8-F0CA608B7C09}.Release|x64.ActiveCfg = Release|iPhoneSimulator
		{F6DC7B83-0248-46F3-AAE8-F0CA608B7C09}.Release|x64.Build.0 = Release|iPhoneSimulator
		{F6DC7B83-0248-46F3-AAE8-F0CA608B7C09}.Release|x86.ActiveCfg = Release|iPhoneSimulator
		{F6DC7B83-0248-46F3-AAE8-F0CA608B7C09}.Release|x86.Build.0 = Release|iPhoneSimulator
		{3C890DB7-7631-44B5-8DE1-1A0FF9A3CFF7}.Debug|Any CPU.ActiveCfg = Debug|Any CPU
		{3C890DB7-7631-44B5-8DE1-1A0FF9A3CFF7}.Debug|Any CPU.Build.0 = Debug|Any CPU
		{3C890DB7-7631-44B5-8DE1-1A0FF9A3CFF7}.Debug|ARM.ActiveCfg = Debug|Any CPU
		{3C890DB7-7631-44B5-8DE1-1A0FF9A3CFF7}.Debug|ARM.Build.0 = Debug|Any CPU
		{3C890DB7-7631-44B5-8DE1-1A0FF9A3CFF7}.Debug|iPhone.ActiveCfg = Debug|Any CPU
		{3C890DB7-7631-44B5-8DE1-1A0FF9A3CFF7}.Debug|iPhone.Build.0 = Debug|Any CPU
		{3C890DB7-7631-44B5-8DE1-1A0FF9A3CFF7}.Debug|iPhoneSimulator.ActiveCfg = Debug|Any CPU
		{3C890DB7-7631-44B5-8DE1-1A0FF9A3CFF7}.Debug|iPhoneSimulator.Build.0 = Debug|Any CPU
		{3C890DB7-7631-44B5-8DE1-1A0FF9A3CFF7}.Debug|x64.ActiveCfg = Debug|Any CPU
		{3C890DB7-7631-44B5-8DE1-1A0FF9A3CFF7}.Debug|x64.Build.0 = Debug|Any CPU
		{3C890DB7-7631-44B5-8DE1-1A0FF9A3CFF7}.Debug|x86.ActiveCfg = Debug|Any CPU
		{3C890DB7-7631-44B5-8DE1-1A0FF9A3CFF7}.Debug|x86.Build.0 = Debug|Any CPU
		{3C890DB7-7631-44B5-8DE1-1A0FF9A3CFF7}.Release|Any CPU.ActiveCfg = Release|Any CPU
		{3C890DB7-7631-44B5-8DE1-1A0FF9A3CFF7}.Release|Any CPU.Build.0 = Release|Any CPU
		{3C890DB7-7631-44B5-8DE1-1A0FF9A3CFF7}.Release|ARM.ActiveCfg = Release|Any CPU
		{3C890DB7-7631-44B5-8DE1-1A0FF9A3CFF7}.Release|ARM.Build.0 = Release|Any CPU
		{3C890DB7-7631-44B5-8DE1-1A0FF9A3CFF7}.Release|iPhone.ActiveCfg = Release|Any CPU
		{3C890DB7-7631-44B5-8DE1-1A0FF9A3CFF7}.Release|iPhone.Build.0 = Release|Any CPU
		{3C890DB7-7631-44B5-8DE1-1A0FF9A3CFF7}.Release|iPhoneSimulator.ActiveCfg = Release|Any CPU
		{3C890DB7-7631-44B5-8DE1-1A0FF9A3CFF7}.Release|iPhoneSimulator.Build.0 = Release|Any CPU
		{3C890DB7-7631-44B5-8DE1-1A0FF9A3CFF7}.Release|x64.ActiveCfg = Release|Any CPU
		{3C890DB7-7631-44B5-8DE1-1A0FF9A3CFF7}.Release|x64.Build.0 = Release|Any CPU
		{3C890DB7-7631-44B5-8DE1-1A0FF9A3CFF7}.Release|x86.ActiveCfg = Release|Any CPU
		{3C890DB7-7631-44B5-8DE1-1A0FF9A3CFF7}.Release|x86.Build.0 = Release|Any CPU
		{F4C6AC45-8B3C-4684-8F64-AACBC2B721A2}.Debug|Any CPU.ActiveCfg = Debug|Any CPU
		{F4C6AC45-8B3C-4684-8F64-AACBC2B721A2}.Debug|Any CPU.Build.0 = Debug|Any CPU
		{F4C6AC45-8B3C-4684-8F64-AACBC2B721A2}.Debug|ARM.ActiveCfg = Debug|Any CPU
		{F4C6AC45-8B3C-4684-8F64-AACBC2B721A2}.Debug|ARM.Build.0 = Debug|Any CPU
		{F4C6AC45-8B3C-4684-8F64-AACBC2B721A2}.Debug|iPhone.ActiveCfg = Debug|Any CPU
		{F4C6AC45-8B3C-4684-8F64-AACBC2B721A2}.Debug|iPhone.Build.0 = Debug|Any CPU
		{F4C6AC45-8B3C-4684-8F64-AACBC2B721A2}.Debug|iPhoneSimulator.ActiveCfg = Debug|Any CPU
		{F4C6AC45-8B3C-4684-8F64-AACBC2B721A2}.Debug|iPhoneSimulator.Build.0 = Debug|Any CPU
		{F4C6AC45-8B3C-4684-8F64-AACBC2B721A2}.Debug|x64.ActiveCfg = Debug|Any CPU
		{F4C6AC45-8B3C-4684-8F64-AACBC2B721A2}.Debug|x64.Build.0 = Debug|Any CPU
		{F4C6AC45-8B3C-4684-8F64-AACBC2B721A2}.Debug|x86.ActiveCfg = Debug|Any CPU
		{F4C6AC45-8B3C-4684-8F64-AACBC2B721A2}.Debug|x86.Build.0 = Debug|Any CPU
		{F4C6AC45-8B3C-4684-8F64-AACBC2B721A2}.Release|Any CPU.ActiveCfg = Release|Any CPU
		{F4C6AC45-8B3C-4684-8F64-AACBC2B721A2}.Release|Any CPU.Build.0 = Release|Any CPU
		{F4C6AC45-8B3C-4684-8F64-AACBC2B721A2}.Release|ARM.ActiveCfg = Release|Any CPU
		{F4C6AC45-8B3C-4684-8F64-AACBC2B721A2}.Release|ARM.Build.0 = Release|Any CPU
		{F4C6AC45-8B3C-4684-8F64-AACBC2B721A2}.Release|iPhone.ActiveCfg = Release|Any CPU
		{F4C6AC45-8B3C-4684-8F64-AACBC2B721A2}.Release|iPhone.Build.0 = Release|Any CPU
		{F4C6AC45-8B3C-4684-8F64-AACBC2B721A2}.Release|iPhoneSimulator.ActiveCfg = Release|Any CPU
		{F4C6AC45-8B3C-4684-8F64-AACBC2B721A2}.Release|iPhoneSimulator.Build.0 = Release|Any CPU
		{F4C6AC45-8B3C-4684-8F64-AACBC2B721A2}.Release|x64.ActiveCfg = Release|Any CPU
		{F4C6AC45-8B3C-4684-8F64-AACBC2B721A2}.Release|x64.Build.0 = Release|Any CPU
		{F4C6AC45-8B3C-4684-8F64-AACBC2B721A2}.Release|x86.ActiveCfg = Release|Any CPU
		{F4C6AC45-8B3C-4684-8F64-AACBC2B721A2}.Release|x86.Build.0 = Release|Any CPU
		{787E39BC-CE48-4BF5-B942-CE402B98A53E}.Debug|Any CPU.ActiveCfg = Debug|Any CPU
		{787E39BC-CE48-4BF5-B942-CE402B98A53E}.Debug|Any CPU.Build.0 = Debug|Any CPU
		{787E39BC-CE48-4BF5-B942-CE402B98A53E}.Debug|ARM.ActiveCfg = Debug|Any CPU
		{787E39BC-CE48-4BF5-B942-CE402B98A53E}.Debug|ARM.Build.0 = Debug|Any CPU
		{787E39BC-CE48-4BF5-B942-CE402B98A53E}.Debug|iPhone.ActiveCfg = Debug|Any CPU
		{787E39BC-CE48-4BF5-B942-CE402B98A53E}.Debug|iPhone.Build.0 = Debug|Any CPU
		{787E39BC-CE48-4BF5-B942-CE402B98A53E}.Debug|iPhoneSimulator.ActiveCfg = Debug|Any CPU
		{787E39BC-CE48-4BF5-B942-CE402B98A53E}.Debug|iPhoneSimulator.Build.0 = Debug|Any CPU
		{787E39BC-CE48-4BF5-B942-CE402B98A53E}.Debug|x64.ActiveCfg = Debug|Any CPU
		{787E39BC-CE48-4BF5-B942-CE402B98A53E}.Debug|x64.Build.0 = Debug|Any CPU
		{787E39BC-CE48-4BF5-B942-CE402B98A53E}.Debug|x86.ActiveCfg = Debug|Any CPU
		{787E39BC-CE48-4BF5-B942-CE402B98A53E}.Debug|x86.Build.0 = Debug|Any CPU
		{787E39BC-CE48-4BF5-B942-CE402B98A53E}.Release|Any CPU.ActiveCfg = Release|Any CPU
		{787E39BC-CE48-4BF5-B942-CE402B98A53E}.Release|Any CPU.Build.0 = Release|Any CPU
		{787E39BC-CE48-4BF5-B942-CE402B98A53E}.Release|ARM.ActiveCfg = Release|Any CPU
		{787E39BC-CE48-4BF5-B942-CE402B98A53E}.Release|ARM.Build.0 = Release|Any CPU
		{787E39BC-CE48-4BF5-B942-CE402B98A53E}.Release|iPhone.ActiveCfg = Release|Any CPU
		{787E39BC-CE48-4BF5-B942-CE402B98A53E}.Release|iPhone.Build.0 = Release|Any CPU
		{787E39BC-CE48-4BF5-B942-CE402B98A53E}.Release|iPhoneSimulator.ActiveCfg = Release|Any CPU
		{787E39BC-CE48-4BF5-B942-CE402B98A53E}.Release|iPhoneSimulator.Build.0 = Release|Any CPU
		{787E39BC-CE48-4BF5-B942-CE402B98A53E}.Release|x64.ActiveCfg = Release|Any CPU
		{787E39BC-CE48-4BF5-B942-CE402B98A53E}.Release|x64.Build.0 = Release|Any CPU
		{787E39BC-CE48-4BF5-B942-CE402B98A53E}.Release|x86.ActiveCfg = Release|Any CPU
		{787E39BC-CE48-4BF5-B942-CE402B98A53E}.Release|x86.Build.0 = Release|Any CPU
		{8496A08A-6D3A-41AF-8283-F307E8309F5D}.Debug|Any CPU.ActiveCfg = Debug|Any CPU
		{8496A08A-6D3A-41AF-8283-F307E8309F5D}.Debug|Any CPU.Build.0 = Debug|Any CPU
		{8496A08A-6D3A-41AF-8283-F307E8309F5D}.Debug|ARM.ActiveCfg = Debug|Any CPU
		{8496A08A-6D3A-41AF-8283-F307E8309F5D}.Debug|ARM.Build.0 = Debug|Any CPU
		{8496A08A-6D3A-41AF-8283-F307E8309F5D}.Debug|iPhone.ActiveCfg = Debug|Any CPU
		{8496A08A-6D3A-41AF-8283-F307E8309F5D}.Debug|iPhone.Build.0 = Debug|Any CPU
		{8496A08A-6D3A-41AF-8283-F307E8309F5D}.Debug|iPhoneSimulator.ActiveCfg = Debug|Any CPU
		{8496A08A-6D3A-41AF-8283-F307E8309F5D}.Debug|iPhoneSimulator.Build.0 = Debug|Any CPU
		{8496A08A-6D3A-41AF-8283-F307E8309F5D}.Debug|x64.ActiveCfg = Debug|Any CPU
		{8496A08A-6D3A-41AF-8283-F307E8309F5D}.Debug|x64.Build.0 = Debug|Any CPU
		{8496A08A-6D3A-41AF-8283-F307E8309F5D}.Debug|x86.ActiveCfg = Debug|Any CPU
		{8496A08A-6D3A-41AF-8283-F307E8309F5D}.Debug|x86.Build.0 = Debug|Any CPU
		{8496A08A-6D3A-41AF-8283-F307E8309F5D}.Release|Any CPU.ActiveCfg = Release|Any CPU
		{8496A08A-6D3A-41AF-8283-F307E8309F5D}.Release|Any CPU.Build.0 = Release|Any CPU
		{8496A08A-6D3A-41AF-8283-F307E8309F5D}.Release|ARM.ActiveCfg = Release|Any CPU
		{8496A08A-6D3A-41AF-8283-F307E8309F5D}.Release|ARM.Build.0 = Release|Any CPU
		{8496A08A-6D3A-41AF-8283-F307E8309F5D}.Release|iPhone.ActiveCfg = Release|Any CPU
		{8496A08A-6D3A-41AF-8283-F307E8309F5D}.Release|iPhone.Build.0 = Release|Any CPU
		{8496A08A-6D3A-41AF-8283-F307E8309F5D}.Release|iPhoneSimulator.ActiveCfg = Release|Any CPU
		{8496A08A-6D3A-41AF-8283-F307E8309F5D}.Release|iPhoneSimulator.Build.0 = Release|Any CPU
		{8496A08A-6D3A-41AF-8283-F307E8309F5D}.Release|x64.ActiveCfg = Release|Any CPU
		{8496A08A-6D3A-41AF-8283-F307E8309F5D}.Release|x64.Build.0 = Release|Any CPU
		{8496A08A-6D3A-41AF-8283-F307E8309F5D}.Release|x86.ActiveCfg = Release|Any CPU
		{8496A08A-6D3A-41AF-8283-F307E8309F5D}.Release|x86.Build.0 = Release|Any CPU
		{240D2ACA-946F-462C-BD92-8FF620DB4ECA}.Debug|Any CPU.ActiveCfg = Debug|iPhoneSimulator
		{240D2ACA-946F-462C-BD92-8FF620DB4ECA}.Debug|Any CPU.Build.0 = Debug|iPhoneSimulator
		{240D2ACA-946F-462C-BD92-8FF620DB4ECA}.Debug|ARM.ActiveCfg = Debug|iPhoneSimulator
		{240D2ACA-946F-462C-BD92-8FF620DB4ECA}.Debug|ARM.Build.0 = Debug|iPhoneSimulator
		{240D2ACA-946F-462C-BD92-8FF620DB4ECA}.Debug|iPhone.ActiveCfg = Debug|iPhone
		{240D2ACA-946F-462C-BD92-8FF620DB4ECA}.Debug|iPhone.Build.0 = Debug|iPhone
		{240D2ACA-946F-462C-BD92-8FF620DB4ECA}.Debug|iPhoneSimulator.ActiveCfg = Debug|iPhoneSimulator
		{240D2ACA-946F-462C-BD92-8FF620DB4ECA}.Debug|iPhoneSimulator.Build.0 = Debug|iPhoneSimulator
		{240D2ACA-946F-462C-BD92-8FF620DB4ECA}.Debug|x64.ActiveCfg = Debug|iPhoneSimulator
		{240D2ACA-946F-462C-BD92-8FF620DB4ECA}.Debug|x64.Build.0 = Debug|iPhoneSimulator
		{240D2ACA-946F-462C-BD92-8FF620DB4ECA}.Debug|x86.ActiveCfg = Debug|iPhoneSimulator
		{240D2ACA-946F-462C-BD92-8FF620DB4ECA}.Debug|x86.Build.0 = Debug|iPhoneSimulator
		{240D2ACA-946F-462C-BD92-8FF620DB4ECA}.Release|Any CPU.ActiveCfg = Release|iPhoneSimulator
		{240D2ACA-946F-462C-BD92-8FF620DB4ECA}.Release|Any CPU.Build.0 = Release|iPhoneSimulator
		{240D2ACA-946F-462C-BD92-8FF620DB4ECA}.Release|ARM.ActiveCfg = Release|iPhoneSimulator
		{240D2ACA-946F-462C-BD92-8FF620DB4ECA}.Release|ARM.Build.0 = Release|iPhoneSimulator
		{240D2ACA-946F-462C-BD92-8FF620DB4ECA}.Release|iPhone.ActiveCfg = Release|iPhone
		{240D2ACA-946F-462C-BD92-8FF620DB4ECA}.Release|iPhone.Build.0 = Release|iPhone
		{240D2ACA-946F-462C-BD92-8FF620DB4ECA}.Release|iPhoneSimulator.ActiveCfg = Release|iPhoneSimulator
		{240D2ACA-946F-462C-BD92-8FF620DB4ECA}.Release|iPhoneSimulator.Build.0 = Release|iPhoneSimulator
		{240D2ACA-946F-462C-BD92-8FF620DB4ECA}.Release|x64.ActiveCfg = Release|iPhoneSimulator
		{240D2ACA-946F-462C-BD92-8FF620DB4ECA}.Release|x64.Build.0 = Release|iPhoneSimulator
		{240D2ACA-946F-462C-BD92-8FF620DB4ECA}.Release|x86.ActiveCfg = Release|iPhoneSimulator
		{240D2ACA-946F-462C-BD92-8FF620DB4ECA}.Release|x86.Build.0 = Release|iPhoneSimulator
	EndGlobalSection
	GlobalSection(SolutionProperties) = preSolution
		HideSolutionNode = FALSE
	EndGlobalSection
	GlobalSection(ExtensibilityGlobals) = postSolution
		SolutionGuid = {F2008DC4-8988-4454-A0B0-BC3F9479BDE3}
	EndGlobalSection
	GlobalSection(MonoDevelopProperties) = preSolution
		version = 2.0
	EndGlobalSection
	GlobalSection(NestedProjects) = preSolution
		{9040378F-E68D-4EB0-8623-FBB550C4B595} = {A144489A-61E9-4DD7-A979-07FBFB3995D3}
		{EF212B94-4DDE-4162-B105-4C1A06E36D16} = {A144489A-61E9-4DD7-A979-07FBFB3995D3}
		{F6DC7B83-0248-46F3-AAE8-F0CA608B7C09} = {A144489A-61E9-4DD7-A979-07FBFB3995D3}
		{3C890DB7-7631-44B5-8DE1-1A0FF9A3CFF7} = {A144489A-61E9-4DD7-A979-07FBFB3995D3}
		{9DE366A6-7809-4CE0-8398-401EABA112B8} = {A144489A-61E9-4DD7-A979-07FBFB3995D3}
		{F4C6AC45-8B3C-4684-8F64-AACBC2B721A2} = {9DE366A6-7809-4CE0-8398-401EABA112B8}
		{787E39BC-CE48-4BF5-B942-CE402B98A53E} = {9DE366A6-7809-4CE0-8398-401EABA112B8}
		{8496A08A-6D3A-41AF-8283-F307E8309F5D} = {9DE366A6-7809-4CE0-8398-401EABA112B8}
		{240D2ACA-946F-462C-BD92-8FF620DB4ECA} = {9DE366A6-7809-4CE0-8398-401EABA112B8}
	EndGlobalSection
EndGlobal
