Microsoft Visual Studio Solution File, Format Version 12.00
# Visual Studio 15
VisualStudioVersion = 15.0.26430.13
MinimumVisualStudioVersion = 10.0.40219.1
Project("{FAE04EC0-301F-11D3-BF4B-00C04F79EFBC}") = "Xablu.WebApiClient", "Xablu.WebApiClient\Xablu.WebApiClient.csproj", "{80534D81-9231-4EC1-8263-F3D1A8D61EBB}"
EndProject
Project("{2150E333-8FDC-42A3-9474-1A3956D46DE8}") = "Tests", "Tests", "{B6135A06-DEC2-43DE-A3DD-B6B37A92452B}"
EndProject
Project("{FAE04EC0-301F-11D3-BF4B-00C04F79EFBC}") = "Xablu.WebApiClient.UnitTests", "Tests\Xablu.WebApiClient.UnitTests\Xablu.WebApiClient.UnitTests.csproj", "{D38A2F90-D918-411E-80DE-4EF24CDEACCD}"
EndProject
Global
	GlobalSection(SolutionConfigurationPlatforms) = preSolution
		Debug|Any CPU = Debug|Any CPU
		Release|Any CPU = Release|Any CPU
	EndGlobalSection
	GlobalSection(ProjectConfigurationPlatforms) = postSolution
		{80534D81-9231-4EC1-8263-F3D1A8D61EBB}.Debug|Any CPU.ActiveCfg = Debug|Any CPU
		{80534D81-9231-4EC1-8263-F3D1A8D61EBB}.Debug|Any CPU.Build.0 = Debug|Any CPU
		{80534D81-9231-4EC1-8263-F3D1A8D61EBB}.Release|Any CPU.ActiveCfg = Release|Any CPU
		{80534D81-9231-4EC1-8263-F3D1A8D61EBB}.Release|Any CPU.Build.0 = Release|Any CPU
		{D38A2F90-D918-411E-80DE-4EF24CDEACCD}.Debug|Any CPU.ActiveCfg = Debug|Any CPU
		{D38A2F90-D918-411E-80DE-4EF24CDEACCD}.Debug|Any CPU.Build.0 = Debug|Any CPU
		{D38A2F90-D918-411E-80DE-4EF24CDEACCD}.Release|Any CPU.ActiveCfg = Release|Any CPU
		{D38A2F90-D918-411E-80DE-4EF24CDEACCD}.Release|Any CPU.Build.0 = Release|Any CPU
	EndGlobalSection
	GlobalSection(SolutionProperties) = preSolution
		HideSolutionNode = FALSE
	EndGlobalSection
	GlobalSection(NestedProjects) = preSolution
		{D38A2F90-D918-411E-80DE-4EF24CDEACCD} = {B6135A06-DEC2-43DE-A3DD-B6B37A92452B}
	EndGlobalSection
EndGlobal
